
Microsoft Visual Studio Solution File, Format Version 12.00
# Visual Studio Version 17
VisualStudioVersion = 17.6.33801.468
MinimumVisualStudioVersion = 10.0.40219.1
Project("{FAE04EC0-301F-11D3-BF4B-00C04F79EFBC}") = "labday11", "labday11\labday11.csproj", "{C1F79008-2ECC-4E18-8826-DEEA12F4CFBC}"
EndProject
Global
	GlobalSection(SolutionConfigurationPlatforms) = preSolution
		Debug|Any CPU = Debug|Any CPU
		Release|Any CPU = Release|Any CPU
	EndGlobalSection
	GlobalSection(ProjectConfigurationPlatforms) = postSolution
		{C1F79008-2ECC-4E18-8826-DEEA12F4CFBC}.Debug|Any CPU.ActiveCfg = Debug|Any CPU
		{C1F79008-2ECC-4E18-8826-DEEA12F4CFBC}.Debug|Any CPU.Build.0 = Debug|Any CPU
		{C1F79008-2ECC-4E18-8826-DEEA12F4CFBC}.Release|Any CPU.ActiveCfg = Release|Any CPU
		{C1F79008-2ECC-4E18-8826-DEEA12F4CFBC}.Release|Any CPU.Build.0 = Release|Any CPU
	EndGlobalSection
	GlobalSection(SolutionProperties) = preSolution
		HideSolutionNode = FALSE
	EndGlobalSection
	GlobalSection(ExtensibilityGlobals) = postSolution
		SolutionGuid = {ED194C25-4CB4-4B8E-951C-CF14B719B589}
	EndGlobalSection
EndGlobal
